// !$*UTF8*$!
{
	archiveVersion = 1;
	classes = {
	};
	objectVersion = 55;
	objects = {

/* Begin PBXBuildFile section */
		1D20751D299FB4E5005FE71C /* WelcomeViewController.swift in Sources */ = {isa = PBXBuildFile; fileRef = 1D20751C299FB4E5005FE71C /* WelcomeViewController.swift */; };
		1D5087CE29AB6B8A00F537F4 /* ScoreTableViewCell.swift in Sources */ = {isa = PBXBuildFile; fileRef = 1D5087CC29AB6B8A00F537F4 /* ScoreTableViewCell.swift */; };
		1D5087CF29AB6B8A00F537F4 /* ScoreTableViewCell.xib in Resources */ = {isa = PBXBuildFile; fileRef = 1D5087CD29AB6B8A00F537F4 /* ScoreTableViewCell.xib */; };
		1D9BCE5929B87EB600313CB2 /* ScoreDetailViewController.swift in Sources */ = {isa = PBXBuildFile; fileRef = 1D9BCE5729B87EB600313CB2 /* ScoreDetailViewController.swift */; };
		1D9BCE5A29B87EB600313CB2 /* ScoreDetailViewController.xib in Resources */ = {isa = PBXBuildFile; fileRef = 1D9BCE5829B87EB600313CB2 /* ScoreDetailViewController.xib */; };
		1DFCAF3D290FBB4F00AAD12B /* AppDelegate.swift in Sources */ = {isa = PBXBuildFile; fileRef = 1DFCAF3C290FBB4F00AAD12B /* AppDelegate.swift */; };
		1DFCAF3F290FBB4F00AAD12B /* SceneDelegate.swift in Sources */ = {isa = PBXBuildFile; fileRef = 1DFCAF3E290FBB4F00AAD12B /* SceneDelegate.swift */; };
		1DFCAF41290FBB4F00AAD12B /* ViewController.swift in Sources */ = {isa = PBXBuildFile; fileRef = 1DFCAF40290FBB4F00AAD12B /* ViewController.swift */; };
		1DFCAF44290FBB4F00AAD12B /* Main.storyboard in Resources */ = {isa = PBXBuildFile; fileRef = 1DFCAF42290FBB4F00AAD12B /* Main.storyboard */; };
		1DFCAF46290FBB5600AAD12B /* Assets.xcassets in Resources */ = {isa = PBXBuildFile; fileRef = 1DFCAF45290FBB5600AAD12B /* Assets.xcassets */; };
		1DFCAF49290FBB5600AAD12B /* LaunchScreen.storyboard in Resources */ = {isa = PBXBuildFile; fileRef = 1DFCAF47290FBB5600AAD12B /* LaunchScreen.storyboard */; };
/* End PBXBuildFile section */

/* Begin PBXFileReference section */
		1D20751C299FB4E5005FE71C /* WelcomeViewController.swift */ = {isa = PBXFileReference; lastKnownFileType = sourcecode.swift; path = WelcomeViewController.swift; sourceTree = "<group>"; };
		1D5087CC29AB6B8A00F537F4 /* ScoreTableViewCell.swift */ = {isa = PBXFileReference; lastKnownFileType = sourcecode.swift; path = ScoreTableViewCell.swift; sourceTree = "<group>"; };
		1D5087CD29AB6B8A00F537F4 /* ScoreTableViewCell.xib */ = {isa = PBXFileReference; lastKnownFileType = file.xib; path = ScoreTableViewCell.xib; sourceTree = "<group>"; };
		1D9BCE5729B87EB600313CB2 /* ScoreDetailViewController.swift */ = {isa = PBXFileReference; lastKnownFileType = sourcecode.swift; path = ScoreDetailViewController.swift; sourceTree = "<group>"; };
		1D9BCE5829B87EB600313CB2 /* ScoreDetailViewController.xib */ = {isa = PBXFileReference; lastKnownFileType = file.xib; path = ScoreDetailViewController.xib; sourceTree = "<group>"; };
		1DFCAF39290FBB4F00AAD12B /* Math Buster.app */ = {isa = PBXFileReference; explicitFileType = wrapper.application; includeInIndex = 0; path = "Math Buster.app"; sourceTree = BUILT_PRODUCTS_DIR; };
		1DFCAF3C290FBB4F00AAD12B /* AppDelegate.swift */ = {isa = PBXFileReference; lastKnownFileType = sourcecode.swift; path = AppDelegate.swift; sourceTree = "<group>"; };
		1DFCAF3E290FBB4F00AAD12B /* SceneDelegate.swift */ = {isa = PBXFileReference; lastKnownFileType = sourcecode.swift; path = SceneDelegate.swift; sourceTree = "<group>"; };
		1DFCAF40290FBB4F00AAD12B /* ViewController.swift */ = {isa = PBXFileReference; lastKnownFileType = sourcecode.swift; path = ViewController.swift; sourceTree = "<group>"; };
		1DFCAF43290FBB4F00AAD12B /* Base */ = {isa = PBXFileReference; lastKnownFileType = file.storyboard; name = Base; path = Base.lproj/Main.storyboard; sourceTree = "<group>"; };
		1DFCAF45290FBB5600AAD12B /* Assets.xcassets */ = {isa = PBXFileReference; lastKnownFileType = folder.assetcatalog; path = Assets.xcassets; sourceTree = "<group>"; };
		1DFCAF48290FBB5600AAD12B /* Base */ = {isa = PBXFileReference; lastKnownFileType = file.storyboard; name = Base; path = Base.lproj/LaunchScreen.storyboard; sourceTree = "<group>"; };
		1DFCAF4A290FBB5600AAD12B /* Info.plist */ = {isa = PBXFileReference; lastKnownFileType = text.plist.xml; path = Info.plist; sourceTree = "<group>"; };
/* End PBXFileReference section */

/* Begin PBXFrameworksBuildPhase section */
		1DFCAF36290FBB4F00AAD12B /* Frameworks */ = {
			isa = PBXFrameworksBuildPhase;
			buildActionMask = 2147483647;
			files = (
			);
			runOnlyForDeploymentPostprocessing = 0;
		};
/* End PBXFrameworksBuildPhase section */

/* Begin PBXGroup section */
		1D5087CB29AB6B5A00F537F4 /* Cell */ = {
			isa = PBXGroup;
			children = (
				1D5087CC29AB6B8A00F537F4 /* ScoreTableViewCell.swift */,
				1D5087CD29AB6B8A00F537F4 /* ScoreTableViewCell.xib */,
			);
			path = Cell;
			sourceTree = "<group>";
		};
		1DFCAF30290FBB4E00AAD12B = {
			isa = PBXGroup;
			children = (
				1DFCAF3B290FBB4F00AAD12B /* Math Buster */,
				1DFCAF3A290FBB4F00AAD12B /* Products */,
			);
			sourceTree = "<group>";
		};
		1DFCAF3A290FBB4F00AAD12B /* Products */ = {
			isa = PBXGroup;
			children = (
				1DFCAF39290FBB4F00AAD12B /* Math Buster.app */,
			);
			name = Products;
			sourceTree = "<group>";
		};
		1DFCAF3B290FBB4F00AAD12B /* Math Buster */ = {
			isa = PBXGroup;
			children = (
				1DFCAF50290FBC6C00AAD12B /* App */,
				1DFCAF51290FBCBC00AAD12B /* Controller */,
				1DFCAF52290FBCC800AAD12B /* Resource */,
			);
			path = "Math Buster";
			sourceTree = "<group>";
		};
		1DFCAF50290FBC6C00AAD12B /* App */ = {
			isa = PBXGroup;
			children = (
				1DFCAF3C290FBB4F00AAD12B /* AppDelegate.swift */,
				1DFCAF3E290FBB4F00AAD12B /* SceneDelegate.swift */,
				1DFCAF47290FBB5600AAD12B /* LaunchScreen.storyboard */,
				1DFCAF4A290FBB5600AAD12B /* Info.plist */,
			);
			path = App;
			sourceTree = "<group>";
		};
		1DFCAF51290FBCBC00AAD12B /* Controller */ = {
			isa = PBXGroup;
			children = (
				1D5087CB29AB6B5A00F537F4 /* Cell */,
				1DFCAF40290FBB4F00AAD12B /* ViewController.swift */,
				1D20751C299FB4E5005FE71C /* WelcomeViewController.swift */,
				1DFCAF42290FBB4F00AAD12B /* Main.storyboard */,
				1D9BCE5729B87EB600313CB2 /* ScoreDetailViewController.swift */,
				1D9BCE5829B87EB600313CB2 /* ScoreDetailViewController.xib */,
			);
			path = Controller;
			sourceTree = "<group>";
		};
		1DFCAF52290FBCC800AAD12B /* Resource */ = {
			isa = PBXGroup;
			children = (
				1DFCAF45290FBB5600AAD12B /* Assets.xcassets */,
			);
			path = Resource;
			sourceTree = "<group>";
		};
/* End PBXGroup section */

/* Begin PBXNativeTarget section */
		1DFCAF38290FBB4F00AAD12B /* Math Buster */ = {
			isa = PBXNativeTarget;
			buildConfigurationList = 1DFCAF4D290FBB5600AAD12B /* Build configuration list for PBXNativeTarget "Math Buster" */;
			buildPhases = (
				1DFCAF35290FBB4F00AAD12B /* Sources */,
				1DFCAF36290FBB4F00AAD12B /* Frameworks */,
				1DFCAF37290FBB4F00AAD12B /* Resources */,
			);
			buildRules = (
			);
			dependencies = (
			);
			name = "Math Buster";
			productName = "Math Buster";
			productReference = 1DFCAF39290FBB4F00AAD12B /* Math Buster.app */;
			productType = "com.apple.product-type.application";
		};
/* End PBXNativeTarget section */

/* Begin PBXProject section */
		1DFCAF31290FBB4F00AAD12B /* Project object */ = {
			isa = PBXProject;
			attributes = {
				BuildIndependentTargetsInParallel = 1;
				LastSwiftUpdateCheck = 1340;
				LastUpgradeCheck = 1340;
				TargetAttributes = {
					1DFCAF38290FBB4F00AAD12B = {
						CreatedOnToolsVersion = 13.4.1;
					};
				};
			};
			buildConfigurationList = 1DFCAF34290FBB4F00AAD12B /* Build configuration list for PBXProject "Math Buster" */;
			compatibilityVersion = "Xcode 13.0";
			developmentRegion = en;
			hasScannedForEncodings = 0;
			knownRegions = (
				en,
				Base,
			);
			mainGroup = 1DFCAF30290FBB4E00AAD12B;
			productRefGroup = 1DFCAF3A290FBB4F00AAD12B /* Products */;
			projectDirPath = "";
			projectRoot = "";
			targets = (
				1DFCAF38290FBB4F00AAD12B /* Math Buster */,
			);
		};
/* End PBXProject section */

/* Begin PBXResourcesBuildPhase section */
		1DFCAF37290FBB4F00AAD12B /* Resources */ = {
			isa = PBXResourcesBuildPhase;
			buildActionMask = 2147483647;
			files = (
				1DFCAF49290FBB5600AAD12B /* LaunchScreen.storyboard in Resources */,
				1DFCAF46290FBB5600AAD12B /* Assets.xcassets in Resources */,
				1D5087CF29AB6B8A00F537F4 /* ScoreTableViewCell.xib in Resources */,
				1D9BCE5A29B87EB600313CB2 /* ScoreDetailViewController.xib in Resources */,
				1DFCAF44290FBB4F00AAD12B /* Main.storyboard in Resources */,
			);
			runOnlyForDeploymentPostprocessing = 0;
		};
/* End PBXResourcesBuildPhase section */

/* Begin PBXSourcesBuildPhase section */
		1DFCAF35290FBB4F00AAD12B /* Sources */ = {
			isa = PBXSourcesBuildPhase;
			buildActionMask = 2147483647;
			files = (
				1D9BCE5929B87EB600313CB2 /* ScoreDetailViewController.swift in Sources */,
				1D5087CE29AB6B8A00F537F4 /* ScoreTableViewCell.swift in Sources */,
				1DFCAF41290FBB4F00AAD12B /* ViewController.swift in Sources */,
				1D20751D299FB4E5005FE71C /* WelcomeViewController.swift in Sources */,
				1DFCAF3D290FBB4F00AAD12B /* AppDelegate.swift in Sources */,
				1DFCAF3F290FBB4F00AAD12B /* SceneDelegate.swift in Sources */,
			);
			runOnlyForDeploymentPostprocessing = 0;
		};
/* End PBXSourcesBuildPhase section */

/* Begin PBXVariantGroup section */
		1DFCAF42290FBB4F00AAD12B /* Main.storyboard */ = {
			isa = PBXVariantGroup;
			children = (
				1DFCAF43290FBB4F00AAD12B /* Base */,
			);
			name = Main.storyboard;
			sourceTree = "<group>";
		};
		1DFCAF47290FBB5600AAD12B /* LaunchScreen.storyboard */ = {
			isa = PBXVariantGroup;
			children = (
				1DFCAF48290FBB5600AAD12B /* Base */,
			);
			name = LaunchScreen.storyboard;
			sourceTree = "<group>";
		};
/* End PBXVariantGroup section */

/* Begin XCBuildConfiguration section */
		1DFCAF4B290FBB5600AAD12B /* Debug */ = {
			isa = XCBuildConfiguration;
			buildSettings = {
				ALWAYS_SEARCH_USER_PATHS = NO;
				CLANG_ANALYZER_NONNULL = YES;
				CLANG_ANALYZER_NUMBER_OBJECT_CONVERSION = YES_AGGRESSIVE;
				CLANG_CXX_LANGUAGE_STANDARD = "gnu++17";
				CLANG_ENABLE_MODULES = YES;
				CLANG_ENABLE_OBJC_ARC = YES;
				CLANG_ENABLE_OBJC_WEAK = YES;
				CLANG_WARN_BLOCK_CAPTURE_AUTORELEASING = YES;
				CLANG_WARN_BOOL_CONVERSION = YES;
				CLANG_WARN_COMMA = YES;
				CLANG_WARN_CONSTANT_CONVERSION = YES;
				CLANG_WARN_DEPRECATED_OBJC_IMPLEMENTATIONS = YES;
				CLANG_WARN_DIRECT_OBJC_ISA_USAGE = YES_ERROR;
				CLANG_WARN_DOCUMENTATION_COMMENTS = YES;
				CLANG_WARN_EMPTY_BODY = YES;
				CLANG_WARN_ENUM_CONVERSION = YES;
				CLANG_WARN_INFINITE_RECURSION = YES;
				CLANG_WARN_INT_CONVERSION = YES;
				CLANG_WARN_NON_LITERAL_NULL_CONVERSION = YES;
				CLANG_WARN_OBJC_IMPLICIT_RETAIN_SELF = YES;
				CLANG_WARN_OBJC_LITERAL_CONVERSION = YES;
				CLANG_WARN_OBJC_ROOT_CLASS = YES_ERROR;
				CLANG_WARN_QUOTED_INCLUDE_IN_FRAMEWORK_HEADER = YES;
				CLANG_WARN_RANGE_LOOP_ANALYSIS = YES;
				CLANG_WARN_STRICT_PROTOTYPES = YES;
				CLANG_WARN_SUSPICIOUS_MOVE = YES;
				CLANG_WARN_UNGUARDED_AVAILABILITY = YES_AGGRESSIVE;
				CLANG_WARN_UNREACHABLE_CODE = YES;
				CLANG_WARN__DUPLICATE_METHOD_MATCH = YES;
				COPY_PHASE_STRIP = NO;
				DEBUG_INFORMATION_FORMAT = dwarf;
				ENABLE_STRICT_OBJC_MSGSEND = YES;
				ENABLE_TESTABILITY = YES;
				GCC_C_LANGUAGE_STANDARD = gnu11;
				GCC_DYNAMIC_NO_PIC = NO;
				GCC_NO_COMMON_BLOCKS = YES;
				GCC_OPTIMIZATION_LEVEL = 0;
				GCC_PREPROCESSOR_DEFINITIONS = (
					"DEBUG=1",
					"$(inherited)",
				);
				GCC_WARN_64_TO_32_BIT_CONVERSION = YES;
				GCC_WARN_ABOUT_RETURN_TYPE = YES_ERROR;
				GCC_WARN_UNDECLARED_SELECTOR = YES;
				GCC_WARN_UNINITIALIZED_AUTOS = YES_AGGRESSIVE;
				GCC_WARN_UNUSED_FUNCTION = YES;
				GCC_WARN_UNUSED_VARIABLE = YES;
				IPHONEOS_DEPLOYMENT_TARGET = 15.5;
				MTL_ENABLE_DEBUG_INFO = INCLUDE_SOURCE;
				MTL_FAST_MATH = YES;
				ONLY_ACTIVE_ARCH = YES;
				SDKROOT = iphoneos;
				SWIFT_ACTIVE_COMPILATION_CONDITIONS = DEBUG;
				SWIFT_OPTIMIZATION_LEVEL = "-Onone";
			};
			name = Debug;
		};
		1DFCAF4C290FBB5600AAD12B /* Release */ = {
			isa = XCBuildConfiguration;
			buildSettings = {
				ALWAYS_SEARCH_USER_PATHS = NO;
				CLANG_ANALYZER_NONNULL = YES;
				CLANG_ANALYZER_NUMBER_OBJECT_CONVERSION = YES_AGGRESSIVE;
				CLANG_CXX_LANGUAGE_STANDARD = "gnu++17";
				CLANG_ENABLE_MODULES = YES;
				CLANG_ENABLE_OBJC_ARC = YES;
				CLANG_ENABLE_OBJC_WEAK = YES;
				CLANG_WARN_BLOCK_CAPTURE_AUTORELEASING = YES;
				CLANG_WARN_BOOL_CONVERSION = YES;
				CLANG_WARN_COMMA = YES;
				CLANG_WARN_CONSTANT_CONVERSION = YES;
				CLANG_WARN_DEPRECATED_OBJC_IMPLEMENTATIONS = YES;
				CLANG_WARN_DIRECT_OBJC_ISA_USAGE = YES_ERROR;
				CLANG_WARN_DOCUMENTATION_COMMENTS = YES;
				CLANG_WARN_EMPTY_BODY = YES;
				CLANG_WARN_ENUM_CONVERSION = YES;
				CLANG_WARN_INFINITE_RECURSION = YES;
				CLANG_WARN_INT_CONVERSION = YES;
				CLANG_WARN_NON_LITERAL_NULL_CONVERSION = YES;
				CLANG_WARN_OBJC_IMPLICIT_RETAIN_SELF = YES;
				CLANG_WARN_OBJC_LITERAL_CONVERSION = YES;
				CLANG_WARN_OBJC_ROOT_CLASS = YES_ERROR;
				CLANG_WARN_QUOTED_INCLUDE_IN_FRAMEWORK_HEADER = YES;
				CLANG_WARN_RANGE_LOOP_ANALYSIS = YES;
				CLANG_WARN_STRICT_PROTOTYPES = YES;
				CLANG_WARN_SUSPICIOUS_MOVE = YES;
				CLANG_WARN_UNGUARDED_AVAILABILITY = YES_AGGRESSIVE;
				CLANG_WARN_UNREACHABLE_CODE = YES;
				CLANG_WARN__DUPLICATE_METHOD_MATCH = YES;
				COPY_PHASE_STRIP = NO;
				DEBUG_INFORMATION_FORMAT = "dwarf-with-dsym";
				ENABLE_NS_ASSERTIONS = NO;
				ENABLE_STRICT_OBJC_MSGSEND = YES;
				GCC_C_LANGUAGE_STANDARD = gnu11;
				GCC_NO_COMMON_BLOCKS = YES;
				GCC_WARN_64_TO_32_BIT_CONVERSION = YES;
				GCC_WARN_ABOUT_RETURN_TYPE = YES_ERROR;
				GCC_WARN_UNDECLARED_SELECTOR = YES;
				GCC_WARN_UNINITIALIZED_AUTOS = YES_AGGRESSIVE;
				GCC_WARN_UNUSED_FUNCTION = YES;
				GCC_WARN_UNUSED_VARIABLE = YES;
				IPHONEOS_DEPLOYMENT_TARGET = 15.5;
				MTL_ENABLE_DEBUG_INFO = NO;
				MTL_FAST_MATH = YES;
				SDKROOT = iphoneos;
				SWIFT_COMPILATION_MODE = wholemodule;
				SWIFT_OPTIMIZATION_LEVEL = "-O";
				VALIDATE_PRODUCT = YES;
			};
			name = Release;
		};
		1DFCAF4E290FBB5600AAD12B /* Debug */ = {
			isa = XCBuildConfiguration;
			buildSettings = {
				ASSETCATALOG_COMPILER_APPICON_NAME = AppIcon;
				ASSETCATALOG_COMPILER_GLOBAL_ACCENT_COLOR_NAME = AccentColor;
				CODE_SIGN_STYLE = Automatic;
				CURRENT_PROJECT_VERSION = 1;
				GENERATE_INFOPLIST_FILE = YES;
				INFOPLIST_FILE = "Math Buster/App/Info.plist";
				INFOPLIST_KEY_UIApplicationSupportsIndirectInputEvents = YES;
				INFOPLIST_KEY_UILaunchStoryboardName = LaunchScreen;
				INFOPLIST_KEY_UIMainStoryboardFile = Main;
				INFOPLIST_KEY_UISupportedInterfaceOrientations = "UIInterfaceOrientationPortrait UIInterfaceOrientationLandscapeLeft UIInterfaceOrientationLandscapeRight";
				INFOPLIST_KEY_UISupportedInterfaceOrientations_iPad = "UIInterfaceOrientationPortrait UIInterfaceOrientationPortraitUpsideDown UIInterfaceOrientationLandscapeLeft UIInterfaceOrientationLandscapeRight";
				INFOPLIST_KEY_UISupportedInterfaceOrientations_iPhone = "UIInterfaceOrientationPortrait UIInterfaceOrientationLandscapeLeft UIInterfaceOrientationLandscapeRight";
				LD_RUNPATH_SEARCH_PATHS = (
					"$(inherited)",
					"@executable_path/Frameworks",
				);
				MARKETING_VERSION = 1.0;
				PRODUCT_BUNDLE_IDENTIFIER = "Abzal.Math-Buster";
				PRODUCT_NAME = "$(TARGET_NAME)";
				SWIFT_EMIT_LOC_STRINGS = YES;
				SWIFT_VERSION = 5.0;
				TARGETED_DEVICE_FAMILY = "1,2";
			};
			name = Debug;
		};
		1DFCAF4F290FBB5600AAD12B /* Release */ = {
			isa = XCBuildConfiguration;
			buildSettings = {
				ASSETCATALOG_COMPILER_APPICON_NAME = AppIcon;
				ASSETCATALOG_COMPILER_GLOBAL_ACCENT_COLOR_NAME = AccentColor;
				CODE_SIGN_STYLE = Automatic;
				CURRENT_PROJECT_VERSION = 1;
				GENERATE_INFOPLIST_FILE = YES;
				INFOPLIST_FILE = "Math Buster/App/Info.plist";
				INFOPLIST_KEY_UIApplicationSupportsIndirectInputEvents = YES;
				INFOPLIST_KEY_UILaunchStoryboardName = LaunchScreen;
				INFOPLIST_KEY_UIMainStoryboardFile = Main;
				INFOPLIST_KEY_UISupportedInterfaceOrientations = "UIInterfaceOrientationPortrait UIInterfaceOrientationLandscapeLeft UIInterfaceOrientationLandscapeRight";
				INFOPLIST_KEY_UISupportedInterfaceOrientations_iPad = "UIInterfaceOrientationPortrait UIInterfaceOrientationPortraitUpsideDown UIInterfaceOrientationLandscapeLeft UIInterfaceOrientationLandscapeRight";
				INFOPLIST_KEY_UISupportedInterfaceOrientations_iPhone = "UIInterfaceOrientationPortrait UIInterfaceOrientationLandscapeLeft UIInterfaceOrientationLandscapeRight";
				LD_RUNPATH_SEARCH_PATHS = (
					"$(inherited)",
					"@executable_path/Frameworks",
				);
				MARKETING_VERSION = 1.0;
				PRODUCT_BUNDLE_IDENTIFIER = "Abzal.Math-Buster";
				PRODUCT_NAME = "$(TARGET_NAME)";
				SWIFT_EMIT_LOC_STRINGS = YES;
				SWIFT_VERSION = 5.0;
				TARGETED_DEVICE_FAMILY = "1,2";
			};
			name = Release;
		};
/* End XCBuildConfiguration section */

/* Begin XCConfigurationList section */
		1DFCAF34290FBB4F00AAD12B /* Build configuration list for PBXProject "Math Buster" */ = {
			isa = XCConfigurationList;
			buildConfigurations = (
				1DFCAF4B290FBB5600AAD12B /* Debug */,
				1DFCAF4C290FBB5600AAD12B /* Release */,
			);
			defaultConfigurationIsVisible = 0;
			defaultConfigurationName = Release;
		};
		1DFCAF4D290FBB5600AAD12B /* Build configuration list for PBXNativeTarget "Math Buster" */ = {
			isa = XCConfigurationList;
			buildConfigurations = (
				1DFCAF4E290FBB5600AAD12B /* Debug */,
				1DFCAF4F290FBB5600AAD12B /* Release */,
			);
			defaultConfigurationIsVisible = 0;
			defaultConfigurationName = Release;
		};
/* End XCConfigurationList section */
	};
	rootObject = 1DFCAF31290FBB4F00AAD12B /* Project object */;
}
